
Microsoft Visual Studio Solution File, Format Version 12.00
# Visual Studio Version 17
VisualStudioVersion = 17.5.33627.172
MinimumVisualStudioVersion = 10.0.40219.1
Project("{FAE04EC0-301F-11D3-BF4B-00C04F79EFBC}") = "Testando", "Testando\Testando.csproj", "{E6298DCD-C9B2-4D81-975C-A9C701947C09}"
EndProject
Global
	GlobalSection(SolutionConfigurationPlatforms) = preSolution
		Debug|Any CPU = Debug|Any CPU
		Release|Any CPU = Release|Any CPU
	EndGlobalSection
	GlobalSection(ProjectConfigurationPlatforms) = postSolution
		{E6298DCD-C9B2-4D81-975C-A9C701947C09}.Debug|Any CPU.ActiveCfg = Debug|Any CPU
		{E6298DCD-C9B2-4D81-975C-A9C701947C09}.Debug|Any CPU.Build.0 = Debug|Any CPU
		{E6298DCD-C9B2-4D81-975C-A9C701947C09}.Release|Any CPU.ActiveCfg = Release|Any CPU
		{E6298DCD-C9B2-4D81-975C-A9C701947C09}.Release|Any CPU.Build.0 = Release|Any CPU
	EndGlobalSection
	GlobalSection(SolutionProperties) = preSolution
		HideSolutionNode = FALSE
	EndGlobalSection
	GlobalSection(ExtensibilityGlobals) = postSolution
		SolutionGuid = {F7A6B5C0-7160-4D28-84E6-7C6ABC52C8B5}
	EndGlobalSection
EndGlobal
